{
	"name": "typescript-action",
	"version": "0.0.1",
	"lockfileVersion": 3,
	"requires": true,
	"packages": {
		"": {
			"name": "typescript-action",
			"version": "0.0.1",
			"license": "MIT",
			"dependencies": {
				"@actions/core": "1.11.1"
			},
			"devDependencies": {
				"@biomejs/biome": "1.9.3",
				"@types/node": "22.7.4",
				"@vercel/ncc": "0.38.2",
				"make-coverage-badge": "1.2.0",
				"typescript": "5.6.2"
			},
			"engines": {
				"node": ">=20"
			}
		},
		"node_modules/@actions/core": {
			"version": "1.11.1",
			"resolved": "https://registry.npmjs.org/@actions/core/-/core-1.11.1.tgz",
			"integrity": "sha512-hXJCSrkwfA46Vd9Z3q4cpEpHB1rL5NG04+/rbqW9d3+CSvtB1tYe8UTpAlixa1vj0m/ULglfEK2UKxMGxCxv5A==",
			"license": "MIT",
			"dependencies": {
				"@actions/exec": "^1.1.1",
				"@actions/http-client": "^2.0.1"
			}
		},
		"node_modules/@actions/exec": {
			"version": "1.1.1",
			"resolved": "https://registry.npmjs.org/@actions/exec/-/exec-1.1.1.tgz",
			"integrity": "sha512-+sCcHHbVdk93a0XT19ECtO/gIXoxvdsgQLzb2fE2/5sIZmWQuluYyjPQtrtTHdU1YzTZ7bAPN4sITq2xi1679w==",
			"license": "MIT",
			"dependencies": {
				"@actions/io": "^1.0.1"
			}
		},
		"node_modules/@actions/http-client": {
			"version": "2.2.3",
			"resolved": "https://registry.npmjs.org/@actions/http-client/-/http-client-2.2.3.tgz",
			"integrity": "sha512-mx8hyJi/hjFvbPokCg4uRd4ZX78t+YyRPtnKWwIl+RzNaVuFpQHfmlGVfsKEJN8LwTCvL+DfVgAM04XaHkm6bA==",
			"license": "MIT",
			"dependencies": {
				"tunnel": "^0.0.6",
				"undici": "^5.25.4"
			}
		},
		"node_modules/@actions/io": {
			"version": "1.1.3",
			"resolved": "https://registry.npmjs.org/@actions/io/-/io-1.1.3.tgz",
			"integrity": "sha512-wi9JjgKLYS7U/z8PPbco+PvTb/nRWjeoFlJ1Qer83k/3C5PHQi28hiVdeE2kHXmIL99mQFawx8qt/JPjZilJ8Q==",
			"license": "MIT"
		},
		"node_modules/@biomejs/biome": {
			"version": "1.9.3",
			"resolved": "https://registry.npmjs.org/@biomejs/biome/-/biome-1.9.3.tgz",
			"integrity": "sha512-POjAPz0APAmX33WOQFGQrwLvlu7WLV4CFJMlB12b6ZSg+2q6fYu9kZwLCOA+x83zXfcPd1RpuWOKJW0GbBwLIQ==",
			"dev": true,
			"hasInstallScript": true,
			"license": "MIT OR Apache-2.0",
			"bin": {
				"biome": "bin/biome"
			},
			"engines": {
				"node": ">=14.21.3"
			},
			"funding": {
				"type": "opencollective",
				"url": "https://opencollective.com/biome"
			},
			"optionalDependencies": {
				"@biomejs/cli-darwin-arm64": "1.9.3",
				"@biomejs/cli-darwin-x64": "1.9.3",
				"@biomejs/cli-linux-arm64": "1.9.3",
				"@biomejs/cli-linux-arm64-musl": "1.9.3",
				"@biomejs/cli-linux-x64": "1.9.3",
				"@biomejs/cli-linux-x64-musl": "1.9.3",
				"@biomejs/cli-win32-arm64": "1.9.3",
				"@biomejs/cli-win32-x64": "1.9.3"
			}
		},
		"node_modules/@biomejs/cli-darwin-arm64": {
			"version": "1.9.3",
			"resolved": "https://registry.npmjs.org/@biomejs/cli-darwin-arm64/-/cli-darwin-arm64-1.9.3.tgz",
			"integrity": "sha512-QZzD2XrjJDUyIZK+aR2i5DDxCJfdwiYbUKu9GzkCUJpL78uSelAHAPy7m0GuPMVtF/Uo+OKv97W3P9nuWZangQ==",
			"cpu": [
				"arm64"
			],
			"dev": true,
			"license": "MIT OR Apache-2.0",
			"optional": true,
			"os": [
				"darwin"
			],
			"engines": {
				"node": ">=14.21.3"
			}
		},
		"node_modules/@biomejs/cli-darwin-x64": {
			"version": "1.9.3",
			"resolved": "https://registry.npmjs.org/@biomejs/cli-darwin-x64/-/cli-darwin-x64-1.9.3.tgz",
			"integrity": "sha512-vSCoIBJE0BN3SWDFuAY/tRavpUtNoqiceJ5PrU3xDfsLcm/U6N93JSM0M9OAiC/X7mPPfejtr6Yc9vSgWlEgVw==",
			"cpu": [
				"x64"
			],
			"dev": true,
			"license": "MIT OR Apache-2.0",
			"optional": true,
			"os": [
				"darwin"
			],
			"engines": {
				"node": ">=14.21.3"
			}
		},
		"node_modules/@biomejs/cli-linux-arm64": {
			"version": "1.9.3",
			"resolved": "https://registry.npmjs.org/@biomejs/cli-linux-arm64/-/cli-linux-arm64-1.9.3.tgz",
			"integrity": "sha512-vJkAimD2+sVviNTbaWOGqEBy31cW0ZB52KtpVIbkuma7PlfII3tsLhFa+cwbRAcRBkobBBhqZ06hXoZAN8NODQ==",
			"cpu": [
				"arm64"
			],
			"dev": true,
			"license": "MIT OR Apache-2.0",
			"optional": true,
			"os": [
				"linux"
			],
			"engines": {
				"node": ">=14.21.3"
			}
		},
		"node_modules/@biomejs/cli-linux-arm64-musl": {
			"version": "1.9.3",
			"resolved": "https://registry.npmjs.org/@biomejs/cli-linux-arm64-musl/-/cli-linux-arm64-musl-1.9.3.tgz",
			"integrity": "sha512-VBzyhaqqqwP3bAkkBrhVq50i3Uj9+RWuj+pYmXrMDgjS5+SKYGE56BwNw4l8hR3SmYbLSbEo15GcV043CDSk+Q==",
			"cpu": [
				"arm64"
			],
			"dev": true,
			"license": "MIT OR Apache-2.0",
			"optional": true,
			"os": [
				"linux"
			],
			"engines": {
				"node": ">=14.21.3"
			}
		},
		"node_modules/@biomejs/cli-linux-x64": {
			"version": "1.9.3",
			"resolved": "https://registry.npmjs.org/@biomejs/cli-linux-x64/-/cli-linux-x64-1.9.3.tgz",
			"integrity": "sha512-x220V4c+romd26Mu1ptU+EudMXVS4xmzKxPVb9mgnfYlN4Yx9vD5NZraSx/onJnd3Gh/y8iPUdU5CDZJKg9COA==",
			"cpu": [
				"x64"
			],
			"dev": true,
			"license": "MIT OR Apache-2.0",
			"optional": true,
			"os": [
				"linux"
			],
			"engines": {
				"node": ">=14.21.3"
			}
		},
		"node_modules/@biomejs/cli-linux-x64-musl": {
			"version": "1.9.3",
			"resolved": "https://registry.npmjs.org/@biomejs/cli-linux-x64-musl/-/cli-linux-x64-musl-1.9.3.tgz",
			"integrity": "sha512-TJmnOG2+NOGM72mlczEsNki9UT+XAsMFAOo8J0me/N47EJ/vkLXxf481evfHLlxMejTY6IN8SdRSiPVLv6AHlA==",
			"cpu": [
				"x64"
			],
			"dev": true,
			"license": "MIT OR Apache-2.0",
			"optional": true,
			"os": [
				"linux"
			],
			"engines": {
				"node": ">=14.21.3"
			}
		},
		"node_modules/@biomejs/cli-win32-arm64": {
			"version": "1.9.3",
			"resolved": "https://registry.npmjs.org/@biomejs/cli-win32-arm64/-/cli-win32-arm64-1.9.3.tgz",
			"integrity": "sha512-lg/yZis2HdQGsycUvHWSzo9kOvnGgvtrYRgoCEwPBwwAL8/6crOp3+f47tPwI/LI1dZrhSji7PNsGKGHbwyAhw==",
			"cpu": [
				"arm64"
			],
			"dev": true,
			"license": "MIT OR Apache-2.0",
			"optional": true,
			"os": [
				"win32"
			],
			"engines": {
				"node": ">=14.21.3"
			}
		},
		"node_modules/@biomejs/cli-win32-x64": {
			"version": "1.9.3",
			"resolved": "https://registry.npmjs.org/@biomejs/cli-win32-x64/-/cli-win32-x64-1.9.3.tgz",
			"integrity": "sha512-cQMy2zanBkVLpmmxXdK6YePzmZx0s5Z7KEnwmrW54rcXK3myCNbQa09SwGZ8i/8sLw0H9F3X7K4rxVNGU8/D4Q==",
			"cpu": [
				"x64"
			],
			"dev": true,
			"license": "MIT OR Apache-2.0",
			"optional": true,
			"os": [
				"win32"
			],
			"engines": {
				"node": ">=14.21.3"
			}
		},
		"node_modules/@fastify/busboy": {
			"version": "2.1.1",
			"resolved": "https://registry.npmjs.org/@fastify/busboy/-/busboy-2.1.1.tgz",
			"integrity": "sha512-vBZP4NlzfOlerQTnba4aqZoMhE/a9HY7HRqoOPaETQcSQuWEIyZMHGfVu6w9wGtGK5fED5qRs2DteVCjOH60sA==",
			"license": "MIT",
			"engines": {
				"node": ">=14"
			}
		},
		"node_modules/@types/node": {
			"version": "22.7.4",
			"resolved": "https://registry.npmjs.org/@types/node/-/node-22.7.4.tgz",
			"integrity": "sha512-y+NPi1rFzDs1NdQHHToqeiX2TIS79SWEAw9GYhkkx8bD0ChpfqC+n2j5OXOCpzfojBEBt6DnEnnG9MY0zk1XLg==",
			"dev": true,
			"license": "MIT",
			"dependencies": {
				"undici-types": "~6.19.2"
			}
		},
		"node_modules/@vercel/ncc": {
			"version": "0.38.2",
			"resolved": "https://registry.npmjs.org/@vercel/ncc/-/ncc-0.38.2.tgz",
			"integrity": "sha512-3yel3jaxUg9pHBv4+KeC9qlbdZPug+UMtUOlhvpDYCMSgcNSrS2Hv1LoqMsOV7hf2lYscx+BESfJOIla1WsmMQ==",
			"dev": true,
			"license": "MIT",
			"bin": {
				"ncc": "dist/ncc/cli.js"
			}
		},
		"node_modules/make-coverage-badge": {
			"version": "1.2.0",
			"resolved": "https://registry.npmjs.org/make-coverage-badge/-/make-coverage-badge-1.2.0.tgz",
			"integrity": "sha512-nA1eQZJ9vcY2UoQLVIdzqyRoNtAZHWlXJfrHkaMB/pQgTYBPmbImkykfxWeAtUQuLJXzb6eAhbR7nEgrt+S7FA==",
			"dev": true,
			"license": "MIT",
			"dependencies": {
				"mri": "1.1.4"
			},
			"bin": {
				"make-coverage-badge": "cli.js"
			},
			"engines": {
				"node": ">=6.11",
				"npm": ">=5.3"
			}
		},
		"node_modules/mri": {
			"version": "1.1.4",
			"resolved": "https://registry.npmjs.org/mri/-/mri-1.1.4.tgz",
			"integrity": "sha512-6y7IjGPm8AzlvoUrwAaw1tLnUBudaS3752vcd8JtrpGGQn+rXIe63LFVHm/YMwtqAuh+LJPCFdlLYPWM1nYn6w==",
			"dev": true,
			"license": "MIT",
			"engines": {
				"node": ">=4"
			}
		},
		"node_modules/tunnel": {
			"version": "0.0.6",
			"resolved": "https://registry.npmjs.org/tunnel/-/tunnel-0.0.6.tgz",
			"integrity": "sha512-1h/Lnq9yajKY2PEbBadPXj3VxsDDu844OnaAo52UVmIzIvwwtBPIuNvkjuzBlTWpfJyUbG3ez0KSBibQkj4ojg==",
			"license": "MIT",
			"engines": {
				"node": ">=0.6.11 <=0.7.0 || >=0.7.3"
			}
		},
		"node_modules/typescript": {
			"version": "5.6.2",
			"resolved": "https://registry.npmjs.org/typescript/-/typescript-5.6.2.tgz",
			"integrity": "sha512-NW8ByodCSNCwZeghjN3o+JX5OFH0Ojg6sadjEKY4huZ52TqbJTJnDo5+Tw98lSy63NZvi4n+ez5m2u5d4PkZyw==",
			"dev": true,
			"license": "Apache-2.0",
			"bin": {
				"tsc": "bin/tsc",
				"tsserver": "bin/tsserver"
			},
			"engines": {
				"node": ">=14.17"
			}
		},
		"node_modules/undici": {
			"version": "5.28.4",
			"resolved": "https://registry.npmjs.org/undici/-/undici-5.28.4.tgz",
			"integrity": "sha512-72RFADWFqKmUb2hmmvNODKL3p9hcB6Gt2DOQMis1SEBaV6a4MH8soBvzg+95CYhCKPFedut2JY9bMfrDl9D23g==",
			"license": "MIT",
			"dependencies": {
				"@fastify/busboy": "^2.0.0"
			},
			"engines": {
				"node": ">=14.0"
			}
		},
		"node_modules/undici-types": {
			"version": "6.19.8",
			"resolved": "https://registry.npmjs.org/undici-types/-/undici-types-6.19.8.tgz",
			"integrity": "sha512-ve2KP6f/JnbPBFyobGHuerC9g1FYGn/F8n1LWTwNxCEzd6IfqTwUQcNXgEtmmQ6DlRrC1hrSrBnCZPokRrDHjw==",
			"dev": true,
			"license": "MIT"
		}
	}
}
